
Microsoft Visual Studio Solution File, Format Version 12.00
# Visual Studio Version 17
VisualStudioVersion = 17.7.34221.43
MinimumVisualStudioVersion = 10.0.40219.1
Project("{8BC9CEB8-8B4A-11D0-8D11-00A0C91BC942}") = "ConsoleApplication17", "ConsoleApplication17\ConsoleApplication17.vcxproj", "{DA13F629-0522-4045-A385-6B0762F45BD9}"
EndProject
Global
	GlobalSection(SolutionConfigurationPlatforms) = preSolution
		Debug|x64 = Debug|x64
		Debug|x86 = Debug|x86
		Release|x64 = Release|x64
		Release|x86 = Release|x86
	EndGlobalSection
	GlobalSection(ProjectConfigurationPlatforms) = postSolution
		{DA13F629-0522-4045-A385-6B0762F45BD9}.Debug|x64.ActiveCfg = Debug|x64
		{DA13F629-0522-4045-A385-6B0762F45BD9}.Debug|x64.Build.0 = Debug|x64
		{DA13F629-0522-4045-A385-6B0762F45BD9}.Debug|x86.ActiveCfg = Debug|Win32
		{DA13F629-0522-4045-A385-6B0762F45BD9}.Debug|x86.Build.0 = Debug|Win32
		{DA13F629-0522-4045-A385-6B0762F45BD9}.Release|x64.ActiveCfg = Release|x64
		{DA13F629-0522-4045-A385-6B0762F45BD9}.Release|x64.Build.0 = Release|x64
		{DA13F629-0522-4045-A385-6B0762F45BD9}.Release|x86.ActiveCfg = Release|Win32
		{DA13F629-0522-4045-A385-6B0762F45BD9}.Release|x86.Build.0 = Release|Win32
	EndGlobalSection
	GlobalSection(SolutionProperties) = preSolution
		HideSolutionNode = FALSE
	EndGlobalSection
	GlobalSection(ExtensibilityGlobals) = postSolution
		SolutionGuid = {E38ECD56-7B13-46F4-A527-B97FED93720F}
	EndGlobalSection
EndGlobal
